
Microsoft Visual Studio Solution File, Format Version 12.00
# Visual Studio 15
VisualStudioVersion = 15.0.27520.0
MinimumVisualStudioVersion = 10.0.40219.1
Project("{8BC9CEB8-8B4A-11D0-8D11-00A0C91BC942}") = "BinarySearch", "BinarySearch\BinarySearch.vcxproj", "{F9BBB007-35F7-4349-97E6-FD9E8A1DD55F}"
EndProject
Project("{8BC9CEB8-8B4A-11D0-8D11-00A0C91BC942}") = "SelectionSort", "SelectionSort\SelectionSort.vcxproj", "{DC62AD65-5E9B-4B70-85B1-43F6FEE6B186}"
EndProject
Project("{8BC9CEB8-8B4A-11D0-8D11-00A0C91BC942}") = "RecursiveSum ", "RecursiveSum\RecursiveSum .vcxproj", "{1917805D-8B90-46DA-BDB1-F4B17516708A}"
EndProject
Project("{8BC9CEB8-8B4A-11D0-8D11-00A0C91BC942}") = "RecursiveCount", "RecursiveCount\RecursiveCount.vcxproj", "{EE52E23F-EE1C-46B5-81A7-30C83B419D2F}"
EndProject
Project("{8BC9CEB8-8B4A-11D0-8D11-00A0C91BC942}") = "RecursiveMax", "RecursiveMax\RecursiveMax.vcxproj", "{62DA4B50-F086-43BE-9DB5-D1F2958A3E2E}"
EndProject
Global
	GlobalSection(SolutionConfigurationPlatforms) = preSolution
		Debug|x64 = Debug|x64
		Release|x64 = Release|x64
	EndGlobalSection
	GlobalSection(ProjectConfigurationPlatforms) = postSolution
		{F9BBB007-35F7-4349-97E6-FD9E8A1DD55F}.Debug|x64.ActiveCfg = Debug|x64
		{F9BBB007-35F7-4349-97E6-FD9E8A1DD55F}.Debug|x64.Build.0 = Debug|x64
		{F9BBB007-35F7-4349-97E6-FD9E8A1DD55F}.Release|x64.ActiveCfg = Release|x64
		{F9BBB007-35F7-4349-97E6-FD9E8A1DD55F}.Release|x64.Build.0 = Release|x64
		{DC62AD65-5E9B-4B70-85B1-43F6FEE6B186}.Debug|x64.ActiveCfg = Debug|x64
		{DC62AD65-5E9B-4B70-85B1-43F6FEE6B186}.Debug|x64.Build.0 = Debug|x64
		{DC62AD65-5E9B-4B70-85B1-43F6FEE6B186}.Release|x64.ActiveCfg = Release|x64
		{DC62AD65-5E9B-4B70-85B1-43F6FEE6B186}.Release|x64.Build.0 = Release|x64
		{1917805D-8B90-46DA-BDB1-F4B17516708A}.Debug|x64.ActiveCfg = Debug|x64
		{1917805D-8B90-46DA-BDB1-F4B17516708A}.Debug|x64.Build.0 = Debug|x64
		{1917805D-8B90-46DA-BDB1-F4B17516708A}.Release|x64.ActiveCfg = Release|x64
		{1917805D-8B90-46DA-BDB1-F4B17516708A}.Release|x64.Build.0 = Release|x64
		{EE52E23F-EE1C-46B5-81A7-30C83B419D2F}.Debug|x64.ActiveCfg = Debug|x64
		{EE52E23F-EE1C-46B5-81A7-30C83B419D2F}.Debug|x64.Build.0 = Debug|x64
		{EE52E23F-EE1C-46B5-81A7-30C83B419D2F}.Release|x64.ActiveCfg = Release|x64
		{EE52E23F-EE1C-46B5-81A7-30C83B419D2F}.Release|x64.Build.0 = Release|x64
		{62DA4B50-F086-43BE-9DB5-D1F2958A3E2E}.Debug|x64.ActiveCfg = Debug|x64
		{62DA4B50-F086-43BE-9DB5-D1F2958A3E2E}.Debug|x64.Build.0 = Debug|x64
		{62DA4B50-F086-43BE-9DB5-D1F2958A3E2E}.Release|x64.ActiveCfg = Release|x64
		{62DA4B50-F086-43BE-9DB5-D1F2958A3E2E}.Release|x64.Build.0 = Release|x64
	EndGlobalSection
	GlobalSection(SolutionProperties) = preSolution
		HideSolutionNode = FALSE
	EndGlobalSection
	GlobalSection(ExtensibilityGlobals) = postSolution
		SolutionGuid = {335BBE89-9510-47A3-9479-6FCBC1CC6F27}
	EndGlobalSection
EndGlobal
